// !$*UTF8*$!
{
	archiveVersion = 1;
	classes = {
	};
	objectVersion = 56;
	objects = {

/* Begin PBXBuildFile section */
		670AC00E2C5FBE4C00A3C159 /* MessengerTutorialApp.swift in Sources */ = {isa = PBXBuildFile; fileRef = 670AC00D2C5FBE4C00A3C159 /* MessengerTutorialApp.swift */; };
		670AC0102C5FBE4C00A3C159 /* ContentView.swift in Sources */ = {isa = PBXBuildFile; fileRef = 670AC00F2C5FBE4C00A3C159 /* ContentView.swift */; };
		670AC0122C5FBE5100A3C159 /* Assets.xcassets in Resources */ = {isa = PBXBuildFile; fileRef = 670AC0112C5FBE5100A3C159 /* Assets.xcassets */; };
		670AC0152C5FBE5100A3C159 /* Preview Assets.xcassets in Resources */ = {isa = PBXBuildFile; fileRef = 670AC0142C5FBE5100A3C159 /* Preview Assets.xcassets */; };
		6768B8BD2C5FC519007451DC /* LoginView.swift in Sources */ = {isa = PBXBuildFile; fileRef = 6768B8BC2C5FC519007451DC /* LoginView.swift */; };
		6768B8BF2C60A252007451DC /* RegistrationView.swift in Sources */ = {isa = PBXBuildFile; fileRef = 6768B8BE2C60A252007451DC /* RegistrationView.swift */; };
		6768B8C22C60B470007451DC /* InboxView.swift in Sources */ = {isa = PBXBuildFile; fileRef = 6768B8C12C60B470007451DC /* InboxView.swift */; };
		6768B8C52C60B558007451DC /* ActiveNowView.swift in Sources */ = {isa = PBXBuildFile; fileRef = 6768B8C42C60B558007451DC /* ActiveNowView.swift */; };
		6768B8C72C60C45A007451DC /* InboxRowView.swift in Sources */ = {isa = PBXBuildFile; fileRef = 6768B8C62C60C45A007451DC /* InboxRowView.swift */; };
		6768B8CA2C610AEE007451DC /* NewMessageView.swift in Sources */ = {isa = PBXBuildFile; fileRef = 6768B8C92C610AEE007451DC /* NewMessageView.swift */; };
		6768B8CF2C6204B9007451DC /* ProfileView.swift in Sources */ = {isa = PBXBuildFile; fileRef = 6768B8CE2C6204B9007451DC /* ProfileView.swift */; };
		6768B8D12C6208AC007451DC /* SettingsOptionsViewModel.swift in Sources */ = {isa = PBXBuildFile; fileRef = 6768B8D02C6208AC007451DC /* SettingsOptionsViewModel.swift */; };
		6768B8D32C622293007451DC /* ProfileViewModel.swift in Sources */ = {isa = PBXBuildFile; fileRef = 6768B8D22C622293007451DC /* ProfileViewModel.swift */; };
		6768B8D52C6265E0007451DC /* User.swift in Sources */ = {isa = PBXBuildFile; fileRef = 6768B8D42C6265E0007451DC /* User.swift */; };
		6768B8D82C630941007451DC /* CircularProfileImageView.swift in Sources */ = {isa = PBXBuildFile; fileRef = 6768B8D72C630941007451DC /* CircularProfileImageView.swift */; };
		67B20D292C6483CD00735FF5 /* ChatView.swift in Sources */ = {isa = PBXBuildFile; fileRef = 67B20D282C6483CD00735FF5 /* ChatView.swift */; };
		67B20D2B2C65294000735FF5 /* ChatMessageCell.swift in Sources */ = {isa = PBXBuildFile; fileRef = 67B20D2A2C65294000735FF5 /* ChatMessageCell.swift */; };
		67B20D2D2C65411A00735FF5 /* ChatBubble.swift in Sources */ = {isa = PBXBuildFile; fileRef = 67B20D2C2C65411A00735FF5 /* ChatBubble.swift */; };
		67B20D2F2C67B1BE00735FF5 /* GoogleService-Info.plist in Resources */ = {isa = PBXBuildFile; fileRef = 67B20D2E2C67B1BE00735FF5 /* GoogleService-Info.plist */; };
		67B20D322C67B2A400735FF5 /* FirebaseAuth in Frameworks */ = {isa = PBXBuildFile; productRef = 67B20D312C67B2A400735FF5 /* FirebaseAuth */; };
		67B20D342C67B2A400735FF5 /* FirebaseFirestore in Frameworks */ = {isa = PBXBuildFile; productRef = 67B20D332C67B2A400735FF5 /* FirebaseFirestore */; };
		67B20D362C67B2A400735FF5 /* FirebaseStorage in Frameworks */ = {isa = PBXBuildFile; productRef = 67B20D352C67B2A400735FF5 /* FirebaseStorage */; };
		67B20D3A2C684B5B00735FF5 /* LoginViewModel.swift in Sources */ = {isa = PBXBuildFile; fileRef = 67B20D392C684B5B00735FF5 /* LoginViewModel.swift */; };
		67B20D3C2C684B9700735FF5 /* RegistrationViewModel.swift in Sources */ = {isa = PBXBuildFile; fileRef = 67B20D3B2C684B9700735FF5 /* RegistrationViewModel.swift */; };
		67B20D3E2C684BB600735FF5 /* AuthService.swift in Sources */ = {isa = PBXBuildFile; fileRef = 67B20D3D2C684BB600735FF5 /* AuthService.swift */; };
		67CDC5662C6A11CC000100D7 /* ContentViewModel.swift in Sources */ = {isa = PBXBuildFile; fileRef = 67CDC5652C6A11CC000100D7 /* ContentViewModel.swift */; };
		67CDC5682C6B414F000100D7 /* FirebaseFirestoreCombine-Community in Frameworks */ = {isa = PBXBuildFile; productRef = 67CDC5672C6B414F000100D7 /* FirebaseFirestoreCombine-Community */; };
		67CDC56A2C6B414F000100D7 /* FirebaseFunctions in Frameworks */ = {isa = PBXBuildFile; productRef = 67CDC5692C6B414F000100D7 /* FirebaseFunctions */; };
		67CDC56C2C6B414F000100D7 /* FirebaseInstallations in Frameworks */ = {isa = PBXBuildFile; productRef = 67CDC56B2C6B414F000100D7 /* FirebaseInstallations */; };
		67CDC56E2C6B4C56000100D7 /* UserService.swift in Sources */ = {isa = PBXBuildFile; fileRef = 67CDC56D2C6B4C56000100D7 /* UserService.swift */; };
/* End PBXBuildFile section */

/* Begin PBXFileReference section */
		670AC00A2C5FBE4C00A3C159 /* MessengerTutorial.app */ = {isa = PBXFileReference; explicitFileType = wrapper.application; includeInIndex = 0; path = MessengerTutorial.app; sourceTree = BUILT_PRODUCTS_DIR; };
		670AC00D2C5FBE4C00A3C159 /* MessengerTutorialApp.swift */ = {isa = PBXFileReference; lastKnownFileType = sourcecode.swift; path = MessengerTutorialApp.swift; sourceTree = "<group>"; };
		670AC00F2C5FBE4C00A3C159 /* ContentView.swift */ = {isa = PBXFileReference; lastKnownFileType = sourcecode.swift; path = ContentView.swift; sourceTree = "<group>"; };
		670AC0112C5FBE5100A3C159 /* Assets.xcassets */ = {isa = PBXFileReference; lastKnownFileType = folder.assetcatalog; path = Assets.xcassets; sourceTree = "<group>"; };
		670AC0142C5FBE5100A3C159 /* Preview Assets.xcassets */ = {isa = PBXFileReference; lastKnownFileType = folder.assetcatalog; path = "Preview Assets.xcassets"; sourceTree = "<group>"; };
		6768B8BC2C5FC519007451DC /* LoginView.swift */ = {isa = PBXFileReference; lastKnownFileType = sourcecode.swift; path = LoginView.swift; sourceTree = "<group>"; };
		6768B8BE2C60A252007451DC /* RegistrationView.swift */ = {isa = PBXFileReference; lastKnownFileType = sourcecode.swift; path = RegistrationView.swift; sourceTree = "<group>"; };
		6768B8C12C60B470007451DC /* InboxView.swift */ = {isa = PBXFileReference; lastKnownFileType = sourcecode.swift; path = InboxView.swift; sourceTree = "<group>"; };
		6768B8C42C60B558007451DC /* ActiveNowView.swift */ = {isa = PBXFileReference; lastKnownFileType = sourcecode.swift; path = ActiveNowView.swift; sourceTree = "<group>"; };
		6768B8C62C60C45A007451DC /* InboxRowView.swift */ = {isa = PBXFileReference; lastKnownFileType = sourcecode.swift; path = InboxRowView.swift; sourceTree = "<group>"; };
		6768B8C92C610AEE007451DC /* NewMessageView.swift */ = {isa = PBXFileReference; lastKnownFileType = sourcecode.swift; path = NewMessageView.swift; sourceTree = "<group>"; };
		6768B8CE2C6204B9007451DC /* ProfileView.swift */ = {isa = PBXFileReference; lastKnownFileType = sourcecode.swift; path = ProfileView.swift; sourceTree = "<group>"; };
		6768B8D02C6208AC007451DC /* SettingsOptionsViewModel.swift */ = {isa = PBXFileReference; lastKnownFileType = sourcecode.swift; path = SettingsOptionsViewModel.swift; sourceTree = "<group>"; };
		6768B8D22C622293007451DC /* ProfileViewModel.swift */ = {isa = PBXFileReference; lastKnownFileType = sourcecode.swift; path = ProfileViewModel.swift; sourceTree = "<group>"; };
		6768B8D42C6265E0007451DC /* User.swift */ = {isa = PBXFileReference; lastKnownFileType = sourcecode.swift; path = User.swift; sourceTree = "<group>"; };
		6768B8D72C630941007451DC /* CircularProfileImageView.swift */ = {isa = PBXFileReference; lastKnownFileType = sourcecode.swift; path = CircularProfileImageView.swift; sourceTree = "<group>"; };
		67B20D282C6483CD00735FF5 /* ChatView.swift */ = {isa = PBXFileReference; lastKnownFileType = sourcecode.swift; path = ChatView.swift; sourceTree = "<group>"; };
		67B20D2A2C65294000735FF5 /* ChatMessageCell.swift */ = {isa = PBXFileReference; lastKnownFileType = sourcecode.swift; path = ChatMessageCell.swift; sourceTree = "<group>"; };
		67B20D2C2C65411A00735FF5 /* ChatBubble.swift */ = {isa = PBXFileReference; lastKnownFileType = sourcecode.swift; path = ChatBubble.swift; sourceTree = "<group>"; };
		67B20D2E2C67B1BE00735FF5 /* GoogleService-Info.plist */ = {isa = PBXFileReference; fileEncoding = 4; lastKnownFileType = text.plist.xml; path = "GoogleService-Info.plist"; sourceTree = "<group>"; };
		67B20D392C684B5B00735FF5 /* LoginViewModel.swift */ = {isa = PBXFileReference; lastKnownFileType = sourcecode.swift; path = LoginViewModel.swift; sourceTree = "<group>"; };
		67B20D3B2C684B9700735FF5 /* RegistrationViewModel.swift */ = {isa = PBXFileReference; lastKnownFileType = sourcecode.swift; path = RegistrationViewModel.swift; sourceTree = "<group>"; };
		67B20D3D2C684BB600735FF5 /* AuthService.swift */ = {isa = PBXFileReference; lastKnownFileType = sourcecode.swift; path = AuthService.swift; sourceTree = "<group>"; };
		67CDC5652C6A11CC000100D7 /* ContentViewModel.swift */ = {isa = PBXFileReference; lastKnownFileType = sourcecode.swift; path = ContentViewModel.swift; sourceTree = "<group>"; };
		67CDC56D2C6B4C56000100D7 /* UserService.swift */ = {isa = PBXFileReference; lastKnownFileType = sourcecode.swift; path = UserService.swift; sourceTree = "<group>"; };
/* End PBXFileReference section */

/* Begin PBXFrameworksBuildPhase section */
		670AC0072C5FBE4C00A3C159 /* Frameworks */ = {
			isa = PBXFrameworksBuildPhase;
			buildActionMask = 2147483647;
			files = (
				67B20D322C67B2A400735FF5 /* FirebaseAuth in Frameworks */,
				67CDC5682C6B414F000100D7 /* FirebaseFirestoreCombine-Community in Frameworks */,
				67CDC56A2C6B414F000100D7 /* FirebaseFunctions in Frameworks */,
				67CDC56C2C6B414F000100D7 /* FirebaseInstallations in Frameworks */,
				67B20D342C67B2A400735FF5 /* FirebaseFirestore in Frameworks */,
				67B20D362C67B2A400735FF5 /* FirebaseStorage in Frameworks */,
			);
			runOnlyForDeploymentPostprocessing = 0;
		};
/* End PBXFrameworksBuildPhase section */

/* Begin PBXGroup section */
		670AC0012C5FBE4C00A3C159 = {
			isa = PBXGroup;
			children = (
				670AC00C2C5FBE4C00A3C159 /* MessengerTutorial */,
				670AC00B2C5FBE4C00A3C159 /* Products */,
			);
			sourceTree = "<group>";
		};
		670AC00B2C5FBE4C00A3C159 /* Products */ = {
			isa = PBXGroup;
			children = (
				670AC00A2C5FBE4C00A3C159 /* MessengerTutorial.app */,
			);
			name = Products;
			sourceTree = "<group>";
		};
		670AC00C2C5FBE4C00A3C159 /* MessengerTutorial */ = {
			isa = PBXGroup;
			children = (
				67B20D2E2C67B1BE00735FF5 /* GoogleService-Info.plist */,
				6768B8B42C5FC455007451DC /* App */,
				6768B8B52C5FC45B007451DC /* Core */,
				6768B8B62C5FC460007451DC /* Extensions */,
				6768B8B72C5FC467007451DC /* Model */,
				6768B8B82C5FC49C007451DC /* Service */,
				670AC0112C5FBE5100A3C159 /* Assets.xcassets */,
				670AC0132C5FBE5100A3C159 /* Preview Content */,
			);
			path = MessengerTutorial;
			sourceTree = "<group>";
		};
		670AC0132C5FBE5100A3C159 /* Preview Content */ = {
			isa = PBXGroup;
			children = (
				670AC0142C5FBE5100A3C159 /* Preview Assets.xcassets */,
			);
			path = "Preview Content";
			sourceTree = "<group>";
		};
		6768B8B42C5FC455007451DC /* App */ = {
			isa = PBXGroup;
			children = (
				670AC00D2C5FBE4C00A3C159 /* MessengerTutorialApp.swift */,
			);
			path = App;
			sourceTree = "<group>";
		};
		6768B8B52C5FC45B007451DC /* Core */ = {
			isa = PBXGroup;
			children = (
				6768B8C32C60B54E007451DC /* ActiveNow */,
				6768B8B92C5FC4D5007451DC /* Authentication */,
				67B20D272C6483BE00735FF5 /* Chat */,
				6768B8D62C63091B007451DC /* Components */,
				6768B8C02C60B459007451DC /* Inbox */,
				6768B8C82C610ADA007451DC /* NewMessage */,
				6768B8CB2C620493007451DC /* Profile */,
				6768B8BA2C5FC4DB007451DC /* Root */,
			);
			path = Core;
			sourceTree = "<group>";
		};
		6768B8B62C5FC460007451DC /* Extensions */ = {
			isa = PBXGroup;
			children = (
			);
			path = Extensions;
			sourceTree = "<group>";
		};
		6768B8B72C5FC467007451DC /* Model */ = {
			isa = PBXGroup;
			children = (
				6768B8D42C6265E0007451DC /* User.swift */,
			);
			path = Model;
			sourceTree = "<group>";
		};
		6768B8B82C5FC49C007451DC /* Service */ = {
			isa = PBXGroup;
			children = (
				67CDC56D2C6B4C56000100D7 /* UserService.swift */,
			);
			path = Service;
			sourceTree = "<group>";
		};
		6768B8B92C5FC4D5007451DC /* Authentication */ = {
			isa = PBXGroup;
			children = (
				67B20D372C684B3C00735FF5 /* Service */,
				6768B8BB2C5FC509007451DC /* View */,
				67B20D382C684B4300735FF5 /* ViewModel */,
			);
			path = Authentication;
			sourceTree = "<group>";
		};
		6768B8BA2C5FC4DB007451DC /* Root */ = {
			isa = PBXGroup;
			children = (
				67CDC5642C6A11B5000100D7 /* ViewModel */,
				67CDC5632C6A11B0000100D7 /* View */,
			);
			path = Root;
			sourceTree = "<group>";
		};
		6768B8BB2C5FC509007451DC /* View */ = {
			isa = PBXGroup;
			children = (
				6768B8BC2C5FC519007451DC /* LoginView.swift */,
				6768B8BE2C60A252007451DC /* RegistrationView.swift */,
			);
			path = View;
			sourceTree = "<group>";
		};
		6768B8C02C60B459007451DC /* Inbox */ = {
			isa = PBXGroup;
			children = (
				6768B8C12C60B470007451DC /* InboxView.swift */,
				6768B8C62C60C45A007451DC /* InboxRowView.swift */,
			);
			path = Inbox;
			sourceTree = "<group>";
		};
		6768B8C32C60B54E007451DC /* ActiveNow */ = {
			isa = PBXGroup;
			children = (
				6768B8C42C60B558007451DC /* ActiveNowView.swift */,
			);
			path = ActiveNow;
			sourceTree = "<group>";
		};
		6768B8C82C610ADA007451DC /* NewMessage */ = {
			isa = PBXGroup;
			children = (
				6768B8C92C610AEE007451DC /* NewMessageView.swift */,
			);
			path = NewMessage;
			sourceTree = "<group>";
		};
		6768B8CB2C620493007451DC /* Profile */ = {
			isa = PBXGroup;
			children = (
				6768B8CC2C62049D007451DC /* View */,
				6768B8CD2C6204A2007451DC /* ViewModel */,
			);
			path = Profile;
			sourceTree = "<group>";
		};
		6768B8CC2C62049D007451DC /* View */ = {
			isa = PBXGroup;
			children = (
				6768B8CE2C6204B9007451DC /* ProfileView.swift */,
			);
			path = View;
			sourceTree = "<group>";
		};
		6768B8CD2C6204A2007451DC /* ViewModel */ = {
			isa = PBXGroup;
			children = (
				6768B8D02C6208AC007451DC /* SettingsOptionsViewModel.swift */,
				6768B8D22C622293007451DC /* ProfileViewModel.swift */,
			);
			path = ViewModel;
			sourceTree = "<group>";
		};
		6768B8D62C63091B007451DC /* Components */ = {
			isa = PBXGroup;
			children = (
				6768B8D72C630941007451DC /* CircularProfileImageView.swift */,
			);
			path = Components;
			sourceTree = "<group>";
		};
		67B20D272C6483BE00735FF5 /* Chat */ = {
			isa = PBXGroup;
			children = (
				67B20D282C6483CD00735FF5 /* ChatView.swift */,
				67B20D2A2C65294000735FF5 /* ChatMessageCell.swift */,
				67B20D2C2C65411A00735FF5 /* ChatBubble.swift */,
			);
			path = Chat;
			sourceTree = "<group>";
		};
		67B20D372C684B3C00735FF5 /* Service */ = {
			isa = PBXGroup;
			children = (
				67B20D3D2C684BB600735FF5 /* AuthService.swift */,
			);
			path = Service;
			sourceTree = "<group>";
		};
		67B20D382C684B4300735FF5 /* ViewModel */ = {
			isa = PBXGroup;
			children = (
				67B20D392C684B5B00735FF5 /* LoginViewModel.swift */,
				67B20D3B2C684B9700735FF5 /* RegistrationViewModel.swift */,
			);
			path = ViewModel;
			sourceTree = "<group>";
		};
		67CDC5632C6A11B0000100D7 /* View */ = {
			isa = PBXGroup;
			children = (
				670AC00F2C5FBE4C00A3C159 /* ContentView.swift */,
			);
			path = View;
			sourceTree = "<group>";
		};
		67CDC5642C6A11B5000100D7 /* ViewModel */ = {
			isa = PBXGroup;
			children = (
				67CDC5652C6A11CC000100D7 /* ContentViewModel.swift */,
			);
			path = ViewModel;
			sourceTree = "<group>";
		};
/* End PBXGroup section */

/* Begin PBXNativeTarget section */
		670AC0092C5FBE4C00A3C159 /* MessengerTutorial */ = {
			isa = PBXNativeTarget;
			buildConfigurationList = 670AC0182C5FBE5100A3C159 /* Build configuration list for PBXNativeTarget "MessengerTutorial" */;
			buildPhases = (
				670AC0062C5FBE4C00A3C159 /* Sources */,
				670AC0072C5FBE4C00A3C159 /* Frameworks */,
				670AC0082C5FBE4C00A3C159 /* Resources */,
			);
			buildRules = (
			);
			dependencies = (
			);
			name = MessengerTutorial;
			packageProductDependencies = (
				67B20D312C67B2A400735FF5 /* FirebaseAuth */,
				67B20D332C67B2A400735FF5 /* FirebaseFirestore */,
				67B20D352C67B2A400735FF5 /* FirebaseStorage */,
				67CDC5672C6B414F000100D7 /* FirebaseFirestoreCombine-Community */,
				67CDC5692C6B414F000100D7 /* FirebaseFunctions */,
				67CDC56B2C6B414F000100D7 /* FirebaseInstallations */,
			);
			productName = MessengerTutorial;
			productReference = 670AC00A2C5FBE4C00A3C159 /* MessengerTutorial.app */;
			productType = "com.apple.product-type.application";
		};
/* End PBXNativeTarget section */

/* Begin PBXProject section */
		670AC0022C5FBE4C00A3C159 /* Project object */ = {
			isa = PBXProject;
			attributes = {
				BuildIndependentTargetsInParallel = 1;
				LastSwiftUpdateCheck = 1540;
				LastUpgradeCheck = 1540;
				TargetAttributes = {
					670AC0092C5FBE4C00A3C159 = {
						CreatedOnToolsVersion = 15.4;
					};
				};
			};
			buildConfigurationList = 670AC0052C5FBE4C00A3C159 /* Build configuration list for PBXProject "MessengerTutorial" */;
			compatibilityVersion = "Xcode 14.0";
			developmentRegion = en;
			hasScannedForEncodings = 0;
			knownRegions = (
				en,
				Base,
			);
			mainGroup = 670AC0012C5FBE4C00A3C159;
			packageReferences = (
				67B20D302C67B2A400735FF5 /* XCRemoteSwiftPackageReference "firebase-ios-sdk" */,
			);
			productRefGroup = 670AC00B2C5FBE4C00A3C159 /* Products */;
			projectDirPath = "";
			projectRoot = "";
			targets = (
				670AC0092C5FBE4C00A3C159 /* MessengerTutorial */,
			);
		};
/* End PBXProject section */

/* Begin PBXResourcesBuildPhase section */
		670AC0082C5FBE4C00A3C159 /* Resources */ = {
			isa = PBXResourcesBuildPhase;
			buildActionMask = 2147483647;
			files = (
				670AC0152C5FBE5100A3C159 /* Preview Assets.xcassets in Resources */,
				670AC0122C5FBE5100A3C159 /* Assets.xcassets in Resources */,
				67B20D2F2C67B1BE00735FF5 /* GoogleService-Info.plist in Resources */,
			);
			runOnlyForDeploymentPostprocessing = 0;
		};
/* End PBXResourcesBuildPhase section */

/* Begin PBXSourcesBuildPhase section */
		670AC0062C5FBE4C00A3C159 /* Sources */ = {
			isa = PBXSourcesBuildPhase;
			buildActionMask = 2147483647;
			files = (
				6768B8C72C60C45A007451DC /* InboxRowView.swift in Sources */,
				67B20D3C2C684B9700735FF5 /* RegistrationViewModel.swift in Sources */,
				6768B8CF2C6204B9007451DC /* ProfileView.swift in Sources */,
				6768B8CA2C610AEE007451DC /* NewMessageView.swift in Sources */,
				67CDC5662C6A11CC000100D7 /* ContentViewModel.swift in Sources */,
				6768B8BD2C5FC519007451DC /* LoginView.swift in Sources */,
				67B20D292C6483CD00735FF5 /* ChatView.swift in Sources */,
				67B20D3E2C684BB600735FF5 /* AuthService.swift in Sources */,
				670AC0102C5FBE4C00A3C159 /* ContentView.swift in Sources */,
				67B20D2B2C65294000735FF5 /* ChatMessageCell.swift in Sources */,
				67B20D2D2C65411A00735FF5 /* ChatBubble.swift in Sources */,
				6768B8D82C630941007451DC /* CircularProfileImageView.swift in Sources */,
				6768B8C22C60B470007451DC /* InboxView.swift in Sources */,
				67B20D3A2C684B5B00735FF5 /* LoginViewModel.swift in Sources */,
				67CDC56E2C6B4C56000100D7 /* UserService.swift in Sources */,
				6768B8C52C60B558007451DC /* ActiveNowView.swift in Sources */,
				6768B8D32C622293007451DC /* ProfileViewModel.swift in Sources */,
				6768B8D52C6265E0007451DC /* User.swift in Sources */,
				670AC00E2C5FBE4C00A3C159 /* MessengerTutorialApp.swift in Sources */,
				6768B8D12C6208AC007451DC /* SettingsOptionsViewModel.swift in Sources */,
				6768B8BF2C60A252007451DC /* RegistrationView.swift in Sources */,
			);
			runOnlyForDeploymentPostprocessing = 0;
		};
/* End PBXSourcesBuildPhase section */

/* Begin XCBuildConfiguration section */
		670AC0162C5FBE5100A3C159 /* Debug */ = {
			isa = XCBuildConfiguration;
			buildSettings = {
				ALWAYS_SEARCH_USER_PATHS = NO;
				ASSETCATALOG_COMPILER_GENERATE_SWIFT_ASSET_SYMBOL_EXTENSIONS = YES;
				CLANG_ANALYZER_NONNULL = YES;
				CLANG_ANALYZER_NUMBER_OBJECT_CONVERSION = YES_AGGRESSIVE;
				CLANG_CXX_LANGUAGE_STANDARD = "gnu++20";
				CLANG_ENABLE_MODULES = YES;
				CLANG_ENABLE_OBJC_ARC = YES;
				CLANG_ENABLE_OBJC_WEAK = YES;
				CLANG_WARN_BLOCK_CAPTURE_AUTORELEASING = YES;
				CLANG_WARN_BOOL_CONVERSION = YES;
				CLANG_WARN_COMMA = YES;
				CLANG_WARN_CONSTANT_CONVERSION = YES;
				CLANG_WARN_DEPRECATED_OBJC_IMPLEMENTATIONS = YES;
				CLANG_WARN_DIRECT_OBJC_ISA_USAGE = YES_ERROR;
				CLANG_WARN_DOCUMENTATION_COMMENTS = YES;
				CLANG_WARN_EMPTY_BODY = YES;
				CLANG_WARN_ENUM_CONVERSION = YES;
				CLANG_WARN_INFINITE_RECURSION = YES;
				CLANG_WARN_INT_CONVERSION = YES;
				CLANG_WARN_NON_LITERAL_NULL_CONVERSION = YES;
				CLANG_WARN_OBJC_IMPLICIT_RETAIN_SELF = YES;
				CLANG_WARN_OBJC_LITERAL_CONVERSION = YES;
				CLANG_WARN_OBJC_ROOT_CLASS = YES_ERROR;
				CLANG_WARN_QUOTED_INCLUDE_IN_FRAMEWORK_HEADER = YES;
				CLANG_WARN_RANGE_LOOP_ANALYSIS = YES;
				CLANG_WARN_STRICT_PROTOTYPES = YES;
				CLANG_WARN_SUSPICIOUS_MOVE = YES;
				CLANG_WARN_UNGUARDED_AVAILABILITY = YES_AGGRESSIVE;
				CLANG_WARN_UNREACHABLE_CODE = YES;
				CLANG_WARN__DUPLICATE_METHOD_MATCH = YES;
				COPY_PHASE_STRIP = NO;
				DEBUG_INFORMATION_FORMAT = dwarf;
				ENABLE_STRICT_OBJC_MSGSEND = YES;
				ENABLE_TESTABILITY = YES;
				ENABLE_USER_SCRIPT_SANDBOXING = YES;
				GCC_C_LANGUAGE_STANDARD = gnu17;
				GCC_DYNAMIC_NO_PIC = NO;
				GCC_NO_COMMON_BLOCKS = YES;
				GCC_OPTIMIZATION_LEVEL = 0;
				GCC_PREPROCESSOR_DEFINITIONS = (
					"DEBUG=1",
					"$(inherited)",
				);
				GCC_WARN_64_TO_32_BIT_CONVERSION = YES;
				GCC_WARN_ABOUT_RETURN_TYPE = YES_ERROR;
				GCC_WARN_UNDECLARED_SELECTOR = YES;
				GCC_WARN_UNINITIALIZED_AUTOS = YES_AGGRESSIVE;
				GCC_WARN_UNUSED_FUNCTION = YES;
				GCC_WARN_UNUSED_VARIABLE = YES;
				IPHONEOS_DEPLOYMENT_TARGET = 17.5;
				LOCALIZATION_PREFERS_STRING_CATALOGS = YES;
				MTL_ENABLE_DEBUG_INFO = INCLUDE_SOURCE;
				MTL_FAST_MATH = YES;
				ONLY_ACTIVE_ARCH = YES;
				SDKROOT = iphoneos;
				SWIFT_ACTIVE_COMPILATION_CONDITIONS = "DEBUG $(inherited)";
				SWIFT_OPTIMIZATION_LEVEL = "-Onone";
			};
			name = Debug;
		};
		670AC0172C5FBE5100A3C159 /* Release */ = {
			isa = XCBuildConfiguration;
			buildSettings = {
				ALWAYS_SEARCH_USER_PATHS = NO;
				ASSETCATALOG_COMPILER_GENERATE_SWIFT_ASSET_SYMBOL_EXTENSIONS = YES;
				CLANG_ANALYZER_NONNULL = YES;
				CLANG_ANALYZER_NUMBER_OBJECT_CONVERSION = YES_AGGRESSIVE;
				CLANG_CXX_LANGUAGE_STANDARD = "gnu++20";
				CLANG_ENABLE_MODULES = YES;
				CLANG_ENABLE_OBJC_ARC = YES;
				CLANG_ENABLE_OBJC_WEAK = YES;
				CLANG_WARN_BLOCK_CAPTURE_AUTORELEASING = YES;
				CLANG_WARN_BOOL_CONVERSION = YES;
				CLANG_WARN_COMMA = YES;
				CLANG_WARN_CONSTANT_CONVERSION = YES;
				CLANG_WARN_DEPRECATED_OBJC_IMPLEMENTATIONS = YES;
				CLANG_WARN_DIRECT_OBJC_ISA_USAGE = YES_ERROR;
				CLANG_WARN_DOCUMENTATION_COMMENTS = YES;
				CLANG_WARN_EMPTY_BODY = YES;
				CLANG_WARN_ENUM_CONVERSION = YES;
				CLANG_WARN_INFINITE_RECURSION = YES;
				CLANG_WARN_INT_CONVERSION = YES;
				CLANG_WARN_NON_LITERAL_NULL_CONVERSION = YES;
				CLANG_WARN_OBJC_IMPLICIT_RETAIN_SELF = YES;
				CLANG_WARN_OBJC_LITERAL_CONVERSION = YES;
				CLANG_WARN_OBJC_ROOT_CLASS = YES_ERROR;
				CLANG_WARN_QUOTED_INCLUDE_IN_FRAMEWORK_HEADER = YES;
				CLANG_WARN_RANGE_LOOP_ANALYSIS = YES;
				CLANG_WARN_STRICT_PROTOTYPES = YES;
				CLANG_WARN_SUSPICIOUS_MOVE = YES;
				CLANG_WARN_UNGUARDED_AVAILABILITY = YES_AGGRESSIVE;
				CLANG_WARN_UNREACHABLE_CODE = YES;
				CLANG_WARN__DUPLICATE_METHOD_MATCH = YES;
				COPY_PHASE_STRIP = NO;
				DEBUG_INFORMATION_FORMAT = "dwarf-with-dsym";
				ENABLE_NS_ASSERTIONS = NO;
				ENABLE_STRICT_OBJC_MSGSEND = YES;
				ENABLE_USER_SCRIPT_SANDBOXING = YES;
				GCC_C_LANGUAGE_STANDARD = gnu17;
				GCC_NO_COMMON_BLOCKS = YES;
				GCC_WARN_64_TO_32_BIT_CONVERSION = YES;
				GCC_WARN_ABOUT_RETURN_TYPE = YES_ERROR;
				GCC_WARN_UNDECLARED_SELECTOR = YES;
				GCC_WARN_UNINITIALIZED_AUTOS = YES_AGGRESSIVE;
				GCC_WARN_UNUSED_FUNCTION = YES;
				GCC_WARN_UNUSED_VARIABLE = YES;
				IPHONEOS_DEPLOYMENT_TARGET = 17.5;
				LOCALIZATION_PREFERS_STRING_CATALOGS = YES;
				MTL_ENABLE_DEBUG_INFO = NO;
				MTL_FAST_MATH = YES;
				SDKROOT = iphoneos;
				SWIFT_COMPILATION_MODE = wholemodule;
				VALIDATE_PRODUCT = YES;
			};
			name = Release;
		};
		670AC0192C5FBE5100A3C159 /* Debug */ = {
			isa = XCBuildConfiguration;
			buildSettings = {
				ASSETCATALOG_COMPILER_APPICON_NAME = AppIcon;
				ASSETCATALOG_COMPILER_GLOBAL_ACCENT_COLOR_NAME = AccentColor;
				CODE_SIGN_STYLE = Automatic;
				CURRENT_PROJECT_VERSION = 1;
				DEVELOPMENT_ASSET_PATHS = "\"MessengerTutorial/Preview Content\"";
				DEVELOPMENT_TEAM = L6M78ZXF68;
				ENABLE_PREVIEWS = YES;
				GENERATE_INFOPLIST_FILE = YES;
				INFOPLIST_KEY_UIApplicationSceneManifest_Generation = YES;
				INFOPLIST_KEY_UIApplicationSupportsIndirectInputEvents = YES;
				INFOPLIST_KEY_UILaunchScreen_Generation = YES;
				INFOPLIST_KEY_UISupportedInterfaceOrientations_iPad = "UIInterfaceOrientationPortrait UIInterfaceOrientationPortraitUpsideDown UIInterfaceOrientationLandscapeLeft UIInterfaceOrientationLandscapeRight";
				INFOPLIST_KEY_UISupportedInterfaceOrientations_iPhone = "UIInterfaceOrientationPortrait UIInterfaceOrientationLandscapeLeft UIInterfaceOrientationLandscapeRight";
				LD_RUNPATH_SEARCH_PATHS = (
					"$(inherited)",
					"@executable_path/Frameworks",
				);
				MARKETING_VERSION = 1.0;
				PRODUCT_BUNDLE_IDENTIFIER = com.anhdinh.MessengerTutorial;
				PRODUCT_NAME = "$(TARGET_NAME)";
				SWIFT_EMIT_LOC_STRINGS = YES;
				SWIFT_VERSION = 5.0;
				TARGETED_DEVICE_FAMILY = "1,2";
			};
			name = Debug;
		};
		670AC01A2C5FBE5100A3C159 /* Release */ = {
			isa = XCBuildConfiguration;
			buildSettings = {
				ASSETCATALOG_COMPILER_APPICON_NAME = AppIcon;
				ASSETCATALOG_COMPILER_GLOBAL_ACCENT_COLOR_NAME = AccentColor;
				CODE_SIGN_STYLE = Automatic;
				CURRENT_PROJECT_VERSION = 1;
				DEVELOPMENT_ASSET_PATHS = "\"MessengerTutorial/Preview Content\"";
				DEVELOPMENT_TEAM = L6M78ZXF68;
				ENABLE_PREVIEWS = YES;
				GENERATE_INFOPLIST_FILE = YES;
				INFOPLIST_KEY_UIApplicationSceneManifest_Generation = YES;
				INFOPLIST_KEY_UIApplicationSupportsIndirectInputEvents = YES;
				INFOPLIST_KEY_UILaunchScreen_Generation = YES;
				INFOPLIST_KEY_UISupportedInterfaceOrientations_iPad = "UIInterfaceOrientationPortrait UIInterfaceOrientationPortraitUpsideDown UIInterfaceOrientationLandscapeLeft UIInterfaceOrientationLandscapeRight";
				INFOPLIST_KEY_UISupportedInterfaceOrientations_iPhone = "UIInterfaceOrientationPortrait UIInterfaceOrientationLandscapeLeft UIInterfaceOrientationLandscapeRight";
				LD_RUNPATH_SEARCH_PATHS = (
					"$(inherited)",
					"@executable_path/Frameworks",
				);
				MARKETING_VERSION = 1.0;
				PRODUCT_BUNDLE_IDENTIFIER = com.anhdinh.MessengerTutorial;
				PRODUCT_NAME = "$(TARGET_NAME)";
				SWIFT_EMIT_LOC_STRINGS = YES;
				SWIFT_VERSION = 5.0;
				TARGETED_DEVICE_FAMILY = "1,2";
			};
			name = Release;
		};
/* End XCBuildConfiguration section */

/* Begin XCConfigurationList section */
		670AC0052C5FBE4C00A3C159 /* Build configuration list for PBXProject "MessengerTutorial" */ = {
			isa = XCConfigurationList;
			buildConfigurations = (
				670AC0162C5FBE5100A3C159 /* Debug */,
				670AC0172C5FBE5100A3C159 /* Release */,
			);
			defaultConfigurationIsVisible = 0;
			defaultConfigurationName = Release;
		};
		670AC0182C5FBE5100A3C159 /* Build configuration list for PBXNativeTarget "MessengerTutorial" */ = {
			isa = XCConfigurationList;
			buildConfigurations = (
				670AC0192C5FBE5100A3C159 /* Debug */,
				670AC01A2C5FBE5100A3C159 /* Release */,
			);
			defaultConfigurationIsVisible = 0;
			defaultConfigurationName = Release;
		};
/* End XCConfigurationList section */

/* Begin XCRemoteSwiftPackageReference section */
		67B20D302C67B2A400735FF5 /* XCRemoteSwiftPackageReference "firebase-ios-sdk" */ = {
			isa = XCRemoteSwiftPackageReference;
			repositoryURL = "https://github.com/firebase/firebase-ios-sdk.git";
			requirement = {
				kind = upToNextMajorVersion;
				minimumVersion = 11.0.0;
			};
		};
/* End XCRemoteSwiftPackageReference section */

/* Begin XCSwiftPackageProductDependency section */
		67B20D312C67B2A400735FF5 /* FirebaseAuth */ = {
			isa = XCSwiftPackageProductDependency;
			package = 67B20D302C67B2A400735FF5 /* XCRemoteSwiftPackageReference "firebase-ios-sdk" */;
			productName = FirebaseAuth;
		};
		67B20D332C67B2A400735FF5 /* FirebaseFirestore */ = {
			isa = XCSwiftPackageProductDependency;
			package = 67B20D302C67B2A400735FF5 /* XCRemoteSwiftPackageReference "firebase-ios-sdk" */;
			productName = FirebaseFirestore;
		};
		67B20D352C67B2A400735FF5 /* FirebaseStorage */ = {
			isa = XCSwiftPackageProductDependency;
			package = 67B20D302C67B2A400735FF5 /* XCRemoteSwiftPackageReference "firebase-ios-sdk" */;
			productName = FirebaseStorage;
		};
		67CDC5672C6B414F000100D7 /* FirebaseFirestoreCombine-Community */ = {
			isa = XCSwiftPackageProductDependency;
			package = 67B20D302C67B2A400735FF5 /* XCRemoteSwiftPackageReference "firebase-ios-sdk" */;
			productName = "FirebaseFirestoreCombine-Community";
		};
		67CDC5692C6B414F000100D7 /* FirebaseFunctions */ = {
			isa = XCSwiftPackageProductDependency;
			package = 67B20D302C67B2A400735FF5 /* XCRemoteSwiftPackageReference "firebase-ios-sdk" */;
			productName = FirebaseFunctions;
		};
		67CDC56B2C6B414F000100D7 /* FirebaseInstallations */ = {
			isa = XCSwiftPackageProductDependency;
			package = 67B20D302C67B2A400735FF5 /* XCRemoteSwiftPackageReference "firebase-ios-sdk" */;
			productName = FirebaseInstallations;
		};
/* End XCSwiftPackageProductDependency section */
	};
	rootObject = 670AC0022C5FBE4C00A3C159 /* Project object */;
}
